
Microsoft Visual Studio Solution File, Format Version 12.00
# Visual Studio Version 17
VisualStudioVersion = 17.3.32728.150
MinimumVisualStudioVersion = 10.0.40219.1
Project("{2150E333-8FDC-42A3-9474-1A3956D46DE8}") = "Executable", "Executable", "{CE9C61F5-D58F-45C9-80DE-36FD4BD32ACA}"
EndProject
Project("{9A19103F-16F7-4668-BE54-9A1E7A4F7556}") = "SOSync.Service", "SOSync.Service\SOSync.Service.csproj", "{DA43ECD3-5EBC-4FAA-AFB5-EF1C4E74849A}"
EndProject
Project("{9A19103F-16F7-4668-BE54-9A1E7A4F7556}") = "SOSync.API", "SOSync.API\SOSync.API.csproj", "{18E8A891-25C9-4C02-A459-3D0AD6DE9C56}"
EndProject
Project("{2150E333-8FDC-42A3-9474-1A3956D46DE8}") = "Libraries", "Libraries", "{6F157D08-39D0-4B44-8DB6-B4496DDAF0AF}"
EndProject
Project("{9A19103F-16F7-4668-BE54-9A1E7A4F7556}") = "SOSync.Common", "SOSync.Common\SOSync.Common.csproj", "{E9D31F85-6C2D-45F4-98A5-D2F5C4F1755D}"
EndProject
Project("{9A19103F-16F7-4668-BE54-9A1E7A4F7556}") = "SOSync.Abstractions", "SOSync.Abstractions\SOSync.Abstractions.csproj", "{E9196829-3089-4B28-BEB6-D033F4318939}"
EndProject
Project("{9A19103F-16F7-4668-BE54-9A1E7A4F7556}") = "SOSync.Mobile", "SOSync.Mobile\SOSync.Mobile.csproj", "{4E454A13-00C0-4181-97A1-6BC7E10F18A6}"
EndProject
Project("{9A19103F-16F7-4668-BE54-9A1E7A4F7556}") = "SOSync.Domain", "SOSync.Domain\SOSync.Domain.csproj", "{B2C43DFE-322C-40B7-AD3F-97073E10A081}"
EndProject
Project("{2150E333-8FDC-42A3-9474-1A3956D46DE8}") = "Python", "Python", "{D6E8F25B-EFE8-4BA6-905D-41062751729E}"
EndProject
Project("{2150E333-8FDC-42A3-9474-1A3956D46DE8}") = "Progs", "Progs", "{50AEBBCD-31D9-4A55-9B41-883E9E057FC9}"
	ProjectSection(SolutionItems) = preProject
		..\..\..\..\Backup\OneDrive\Desktop\Python\prog\prog8003.pyc = ..\..\..\..\Backup\OneDrive\Desktop\Python\prog\prog8003.pyc
	EndProjectSection
EndProject
Global
	GlobalSection(SolutionConfigurationPlatforms) = preSolution
		Debug|Any CPU = Debug|Any CPU
		Release|Any CPU = Release|Any CPU
	EndGlobalSection
	GlobalSection(ProjectConfigurationPlatforms) = postSolution
		{DA43ECD3-5EBC-4FAA-AFB5-EF1C4E74849A}.Debug|Any CPU.ActiveCfg = Debug|Any CPU
		{DA43ECD3-5EBC-4FAA-AFB5-EF1C4E74849A}.Debug|Any CPU.Build.0 = Debug|Any CPU
		{DA43ECD3-5EBC-4FAA-AFB5-EF1C4E74849A}.Release|Any CPU.ActiveCfg = Release|Any CPU
		{DA43ECD3-5EBC-4FAA-AFB5-EF1C4E74849A}.Release|Any CPU.Build.0 = Release|Any CPU
		{18E8A891-25C9-4C02-A459-3D0AD6DE9C56}.Debug|Any CPU.ActiveCfg = Debug|Any CPU
		{18E8A891-25C9-4C02-A459-3D0AD6DE9C56}.Debug|Any CPU.Build.0 = Debug|Any CPU
		{18E8A891-25C9-4C02-A459-3D0AD6DE9C56}.Release|Any CPU.ActiveCfg = Release|Any CPU
		{18E8A891-25C9-4C02-A459-3D0AD6DE9C56}.Release|Any CPU.Build.0 = Release|Any CPU
		{E9D31F85-6C2D-45F4-98A5-D2F5C4F1755D}.Debug|Any CPU.ActiveCfg = Debug|Any CPU
		{E9D31F85-6C2D-45F4-98A5-D2F5C4F1755D}.Debug|Any CPU.Build.0 = Debug|Any CPU
		{E9D31F85-6C2D-45F4-98A5-D2F5C4F1755D}.Release|Any CPU.ActiveCfg = Release|Any CPU
		{E9D31F85-6C2D-45F4-98A5-D2F5C4F1755D}.Release|Any CPU.Build.0 = Release|Any CPU
		{E9196829-3089-4B28-BEB6-D033F4318939}.Debug|Any CPU.ActiveCfg = Debug|Any CPU
		{E9196829-3089-4B28-BEB6-D033F4318939}.Debug|Any CPU.Build.0 = Debug|Any CPU
		{E9196829-3089-4B28-BEB6-D033F4318939}.Release|Any CPU.ActiveCfg = Release|Any CPU
		{E9196829-3089-4B28-BEB6-D033F4318939}.Release|Any CPU.Build.0 = Release|Any CPU
		{4E454A13-00C0-4181-97A1-6BC7E10F18A6}.Debug|Any CPU.ActiveCfg = Debug|Any CPU
		{4E454A13-00C0-4181-97A1-6BC7E10F18A6}.Debug|Any CPU.Build.0 = Debug|Any CPU
		{4E454A13-00C0-4181-97A1-6BC7E10F18A6}.Debug|Any CPU.Deploy.0 = Debug|Any CPU
		{4E454A13-00C0-4181-97A1-6BC7E10F18A6}.Release|Any CPU.ActiveCfg = Release|Any CPU
		{4E454A13-00C0-4181-97A1-6BC7E10F18A6}.Release|Any CPU.Build.0 = Release|Any CPU
		{4E454A13-00C0-4181-97A1-6BC7E10F18A6}.Release|Any CPU.Deploy.0 = Release|Any CPU
		{B2C43DFE-322C-40B7-AD3F-97073E10A081}.Debug|Any CPU.ActiveCfg = Debug|Any CPU
		{B2C43DFE-322C-40B7-AD3F-97073E10A081}.Debug|Any CPU.Build.0 = Debug|Any CPU
		{B2C43DFE-322C-40B7-AD3F-97073E10A081}.Release|Any CPU.ActiveCfg = Release|Any CPU
		{B2C43DFE-322C-40B7-AD3F-97073E10A081}.Release|Any CPU.Build.0 = Release|Any CPU
	EndGlobalSection
	GlobalSection(SolutionProperties) = preSolution
		HideSolutionNode = FALSE
	EndGlobalSection
	GlobalSection(NestedProjects) = preSolution
		{DA43ECD3-5EBC-4FAA-AFB5-EF1C4E74849A} = {CE9C61F5-D58F-45C9-80DE-36FD4BD32ACA}
		{18E8A891-25C9-4C02-A459-3D0AD6DE9C56} = {CE9C61F5-D58F-45C9-80DE-36FD4BD32ACA}
		{E9D31F85-6C2D-45F4-98A5-D2F5C4F1755D} = {6F157D08-39D0-4B44-8DB6-B4496DDAF0AF}
		{E9196829-3089-4B28-BEB6-D033F4318939} = {6F157D08-39D0-4B44-8DB6-B4496DDAF0AF}
		{4E454A13-00C0-4181-97A1-6BC7E10F18A6} = {CE9C61F5-D58F-45C9-80DE-36FD4BD32ACA}
		{B2C43DFE-322C-40B7-AD3F-97073E10A081} = {6F157D08-39D0-4B44-8DB6-B4496DDAF0AF}
		{50AEBBCD-31D9-4A55-9B41-883E9E057FC9} = {D6E8F25B-EFE8-4BA6-905D-41062751729E}
	EndGlobalSection
	GlobalSection(ExtensibilityGlobals) = postSolution
		SolutionGuid = {D340781E-A8D7-4875-A10A-F43B620F63B8}
	EndGlobalSection
EndGlobal
